// !$*UTF8*$!
{
	archiveVersion = 1;
	classes = {
	};
	objectVersion = 46;
	objects = {

/* Begin PBXBuildFile section */
		4C293F911E47148900D330ED /* AppDelegate.swift in Sources */ = {isa = PBXBuildFile; fileRef = 4C293F901E47148900D330ED /* AppDelegate.swift */; };
		4C293F931E47148900D330ED /* ViewController.swift in Sources */ = {isa = PBXBuildFile; fileRef = 4C293F921E47148900D330ED /* ViewController.swift */; };
		4C293F961E47148900D330ED /* Main.storyboard in Resources */ = {isa = PBXBuildFile; fileRef = 4C293F941E47148900D330ED /* Main.storyboard */; };
		4C293F981E47148900D330ED /* Assets.xcassets in Resources */ = {isa = PBXBuildFile; fileRef = 4C293F971E47148900D330ED /* Assets.xcassets */; };
		4C293F9B1E47148900D330ED /* LaunchScreen.storyboard in Resources */ = {isa = PBXBuildFile; fileRef = 4C293F991E47148900D330ED /* LaunchScreen.storyboard */; };
/* End PBXBuildFile section */

/* Begin PBXFileReference section */
		4C293F8D1E47148900D330ED /* HealthKit Starter.app */ = {isa = PBXFileReference; explicitFileType = wrapper.application; includeInIndex = 0; path = "HealthKit Starter.app"; sourceTree = BUILT_PRODUCTS_DIR; };
		4C293F901E47148900D330ED /* AppDelegate.swift */ = {isa = PBXFileReference; lastKnownFileType = sourcecode.swift; path = AppDelegate.swift; sourceTree = "<group>"; };
		4C293F921E47148900D330ED /* ViewController.swift */ = {isa = PBXFileReference; lastKnownFileType = sourcecode.swift; path = ViewController.swift; sourceTree = "<group>"; };
		4C293F951E47148900D330ED /* Base */ = {isa = PBXFileReference; lastKnownFileType = file.storyboard; name = Base; path = Base.lproj/Main.storyboard; sourceTree = "<group>"; };
		4C293F971E47148900D330ED /* Assets.xcassets */ = {isa = PBXFileReference; lastKnownFileType = folder.assetcatalog; path = Assets.xcassets; sourceTree = "<group>"; };
		4C293F9A1E47148900D330ED /* Base */ = {isa = PBXFileReference; lastKnownFileType = file.storyboard; name = Base; path = Base.lproj/LaunchScreen.storyboard; sourceTree = "<group>"; };
		4C293F9C1E47148900D330ED /* Info.plist */ = {isa = PBXFileReference; lastKnownFileType = text.plist.xml; path = Info.plist; sourceTree = "<group>"; };
/* End PBXFileReference section */

/* Begin PBXFrameworksBuildPhase section */
		4C293F8A1E47148900D330ED /* Frameworks */ = {
			isa = PBXFrameworksBuildPhase;
			buildActionMask = 2147483647;
			files = (
			);
			runOnlyForDeploymentPostprocessing = 0;
		};
/* End PBXFrameworksBuildPhase section */

/* Begin PBXGroup section */
		4C293F841E47148900D330ED = {
			isa = PBXGroup;
			children = (
				4C293F8F1E47148900D330ED /* HealthKit Starter */,
				4C293F8E1E47148900D330ED /* Products */,
			);
			sourceTree = "<group>";
		};
		4C293F8E1E47148900D330ED /* Products */ = {
			isa = PBXGroup;
			children = (
				4C293F8D1E47148900D330ED /* HealthKit Starter.app */,
			);
			name = Products;
			sourceTree = "<group>";
		};
		4C293F8F1E47148900D330ED /* HealthKit Starter */ = {
			isa = PBXGroup;
			children = (
				4C293F901E47148900D330ED /* AppDelegate.swift */,
				4C293F921E47148900D330ED /* ViewController.swift */,
				4C293F941E47148900D330ED /* Main.storyboard */,
				4C293F971E47148900D330ED /* Assets.xcassets */,
				4C293F991E47148900D330ED /* LaunchScreen.storyboard */,
				4C293F9C1E47148900D330ED /* Info.plist */,
			);
			path = "HealthKit Starter";
			sourceTree = "<group>";
		};
/* End PBXGroup section */

/* Begin PBXNativeTarget section */
		4C293F8C1E47148900D330ED /* HealthKit Starter */ = {
			isa = PBXNativeTarget;
			buildConfigurationList = 4C293F9F1E47148900D330ED /* Build configuration list for PBXNativeTarget "HealthKit Starter" */;
			buildPhases = (
				4C293F891E47148900D330ED /* Sources */,
				4C293F8A1E47148900D330ED /* Frameworks */,
				4C293F8B1E47148900D330ED /* Resources */,
			);
			buildRules = (
			);
			dependencies = (
			);
			name = "HealthKit Starter";
			productName = "HealthKit Starter";
			productReference = 4C293F8D1E47148900D330ED /* HealthKit Starter.app */;
			productType = "com.apple.product-type.application";
		};
/* End PBXNativeTarget section */

/* Begin PBXProject section */
		4C293F851E47148900D330ED /* Project object */ = {
			isa = PBXProject;
			attributes = {
				LastSwiftUpdateCheck = 0820;
				LastUpgradeCheck = 0820;
				ORGANIZATIONNAME = zoojoo.be;
				TargetAttributes = {
					4C293F8C1E47148900D330ED = {
						CreatedOnToolsVersion = 8.2.1;
						DevelopmentTeam = QL2XV2AZB5;
						ProvisioningStyle = Automatic;
					};
				};
			};
			buildConfigurationList = 4C293F881E47148900D330ED /* Build configuration list for PBXProject "HealthKit Starter" */;
			compatibilityVersion = "Xcode 3.2";
			developmentRegion = English;
			hasScannedForEncodings = 0;
			knownRegions = (
				en,
				Base,
			);
			mainGroup = 4C293F841E47148900D330ED;
			productRefGroup = 4C293F8E1E47148900D330ED /* Products */;
			projectDirPath = "";
			projectRoot = "";
			targets = (
				4C293F8C1E47148900D330ED /* HealthKit Starter */,
			);
		};
/* End PBXProject section */

/* Begin PBXResourcesBuildPhase section */
		4C293F8B1E47148900D330ED /* Resources */ = {
			isa = PBXResourcesBuildPhase;
			buildActionMask = 2147483647;
			files = (
				4C293F9B1E47148900D330ED /* LaunchScreen.storyboard in Resources */,
				4C293F981E47148900D330ED /* Assets.xcassets in Resources */,
				4C293F961E47148900D330ED /* Main.storyboard in Resources */,
			);
			runOnlyForDeploymentPostprocessing = 0;
		};
/* End PBXResourcesBuildPhase section */

/* Begin PBXSourcesBuildPhase section */
		4C293F891E47148900D330ED /* Sources */ = {
			isa = PBXSourcesBuildPhase;
			buildActionMask = 2147483647;
			files = (
				4C293F931E47148900D330ED /* ViewController.swift in Sources */,
				4C293F911E47148900D330ED /* AppDelegate.swift in Sources */,
			);
			runOnlyForDeploymentPostprocessing = 0;
		};
/* End PBXSourcesBuildPhase section */

/* Begin PBXVariantGroup section */
		4C293F941E47148900D330ED /* Main.storyboard */ = {
			isa = PBXVariantGroup;
			children = (
				4C293F951E47148900D330ED /* Base */,
			);
			name = Main.storyboard;
			sourceTree = "<group>";
		};
		4C293F991E47148900D330ED /* LaunchScreen.storyboard */ = {
			isa = PBXVariantGroup;
			children = (
				4C293F9A1E47148900D330ED /* Base */,
			);
			name = LaunchScreen.storyboard;
			sourceTree = "<group>";
		};
/* End PBXVariantGroup section */

/* Begin XCBuildConfiguration section */
		4C293F9D1E47148900D330ED /* Debug */ = {
			isa = XCBuildConfiguration;
			buildSettings = {
				ALWAYS_SEARCH_USER_PATHS = NO;
				CLANG_ANALYZER_NONNULL = YES;
				CLANG_CXX_LANGUAGE_STANDARD = "gnu++0x";
				CLANG_CXX_LIBRARY = "libc++";
				CLANG_ENABLE_MODULES = YES;
				CLANG_ENABLE_OBJC_ARC = YES;
				CLANG_WARN_BOOL_CONVERSION = YES;
				CLANG_WARN_CONSTANT_CONVERSION = YES;
				CLANG_WARN_DIRECT_OBJC_ISA_USAGE = YES_ERROR;
				CLANG_WARN_DOCUMENTATION_COMMENTS = YES;
				CLANG_WARN_EMPTY_BODY = YES;
				CLANG_WARN_ENUM_CONVERSION = YES;
				CLANG_WARN_INFINITE_RECURSION = YES;
				CLANG_WARN_INT_CONVERSION = YES;
				CLANG_WARN_OBJC_ROOT_CLASS = YES_ERROR;
				CLANG_WARN_SUSPICIOUS_MOVE = YES;
				CLANG_WARN_UNREACHABLE_CODE = YES;
				CLANG_WARN__DUPLICATE_METHOD_MATCH = YES;
				"CODE_SIGN_IDENTITY[sdk=iphoneos*]" = "iPhone Developer";
				COPY_PHASE_STRIP = NO;
				DEBUG_INFORMATION_FORMAT = dwarf;
				ENABLE_STRICT_OBJC_MSGSEND = YES;
				ENABLE_TESTABILITY = YES;
				GCC_C_LANGUAGE_STANDARD = gnu99;
				GCC_DYNAMIC_NO_PIC = NO;
				GCC_NO_COMMON_BLOCKS = YES;
				GCC_OPTIMIZATION_LEVEL = 0;
				GCC_PREPROCESSOR_DEFINITIONS = (
					"DEBUG=1",
					"$(inherited)",
				);
				GCC_WARN_64_TO_32_BIT_CONVERSION = YES;
				GCC_WARN_ABOUT_RETURN_TYPE = YES_ERROR;
				GCC_WARN_UNDECLARED_SELECTOR = YES;
				GCC_WARN_UNINITIALIZED_AUTOS = YES_AGGRESSIVE;
				GCC_WARN_UNUSED_FUNCTION = YES;
				GCC_WARN_UNUSED_VARIABLE = YES;
				IPHONEOS_DEPLOYMENT_TARGET = 10.2;
				MTL_ENABLE_DEBUG_INFO = YES;
				ONLY_ACTIVE_ARCH = YES;
				SDKROOT = iphoneos;
				SWIFT_ACTIVE_COMPILATION_CONDITIONS = DEBUG;
				SWIFT_OPTIMIZATION_LEVEL = "-Onone";
			};
			name = Debug;
		};
		4C293F9E1E47148900D330ED /* Release */ = {
			isa = XCBuildConfiguration;
			buildSettings = {
				ALWAYS_SEARCH_USER_PATHS = NO;
				CLANG_ANALYZER_NONNULL = YES;
				CLANG_CXX_LANGUAGE_STANDARD = "gnu++0x";
				CLANG_CXX_LIBRARY = "libc++";
				CLANG_ENABLE_MODULES = YES;
				CLANG_ENABLE_OBJC_ARC = YES;
				CLANG_WARN_BOOL_CONVERSION = YES;
				CLANG_WARN_CONSTANT_CONVERSION = YES;
				CLANG_WARN_DIRECT_OBJC_ISA_USAGE = YES_ERROR;
				CLANG_WARN_DOCUMENTATION_COMMENTS = YES;
				CLANG_WARN_EMPTY_BODY = YES;
				CLANG_WARN_ENUM_CONVERSION = YES;
				CLANG_WARN_INFINITE_RECURSION = YES;
				CLANG_WARN_INT_CONVERSION = YES;
				CLANG_WARN_OBJC_ROOT_CLASS = YES_ERROR;
				CLANG_WARN_SUSPICIOUS_MOVE = YES;
				CLANG_WARN_UNREACHABLE_CODE = YES;
				CLANG_WARN__DUPLICATE_METHOD_MATCH = YES;
				"CODE_SIGN_IDENTITY[sdk=iphoneos*]" = "iPhone Developer";
				COPY_PHASE_STRIP = NO;
				DEBUG_INFORMATION_FORMAT = "dwarf-with-dsym";
				ENABLE_NS_ASSERTIONS = NO;
				ENABLE_STRICT_OBJC_MSGSEND = YES;
				GCC_C_LANGUAGE_STANDARD = gnu99;
				GCC_NO_COMMON_BLOCKS = YES;
				GCC_WARN_64_TO_32_BIT_CONVERSION = YES;
				GCC_WARN_ABOUT_RETURN_TYPE = YES_ERROR;
				GCC_WARN_UNDECLARED_SELECTOR = YES;
				GCC_WARN_UNINITIALIZED_AUTOS = YES_AGGRESSIVE;
				GCC_WARN_UNUSED_FUNCTION = YES;
				GCC_WARN_UNUSED_VARIABLE = YES;
				IPHONEOS_DEPLOYMENT_TARGET = 10.2;
				MTL_ENABLE_DEBUG_INFO = NO;
				SDKROOT = iphoneos;
				SWIFT_OPTIMIZATION_LEVEL = "-Owholemodule";
				VALIDATE_PRODUCT = YES;
			};
			name = Release;
		};
		4C293FA01E47148900D330ED /* Debug */ = {
			isa = XCBuildConfiguration;
			buildSettings = {
				ASSETCATALOG_COMPILER_APPICON_NAME = AppIcon;
				DEVELOPMENT_TEAM = QL2XV2AZB5;
				INFOPLIST_FILE = "HealthKit Starter/Info.plist";
				LD_RUNPATH_SEARCH_PATHS = "$(inherited) @executable_path/Frameworks";
				PRODUCT_BUNDLE_IDENTIFIER = "com.zoojoo.HealthKit-Starter";
				PRODUCT_NAME = "$(TARGET_NAME)";
				SWIFT_VERSION = 3.0;
			};
			name = Debug;
		};
		4C293FA11E47148900D330ED /* Release */ = {
			isa = XCBuildConfiguration;
			buildSettings = {
				ASSETCATALOG_COMPILER_APPICON_NAME = AppIcon;
				DEVELOPMENT_TEAM = QL2XV2AZB5;
				INFOPLIST_FILE = "HealthKit Starter/Info.plist";
				LD_RUNPATH_SEARCH_PATHS = "$(inherited) @executable_path/Frameworks";
				PRODUCT_BUNDLE_IDENTIFIER = "com.zoojoo.HealthKit-Starter";
				PRODUCT_NAME = "$(TARGET_NAME)";
				SWIFT_VERSION = 3.0;
			};
			name = Release;
		};
/* End XCBuildConfiguration section */

/* Begin XCConfigurationList section */
		4C293F881E47148900D330ED /* Build configuration list for PBXProject "HealthKit Starter" */ = {
			isa = XCConfigurationList;
			buildConfigurations = (
				4C293F9D1E47148900D330ED /* Debug */,
				4C293F9E1E47148900D330ED /* Release */,
			);
			defaultConfigurationIsVisible = 0;
			defaultConfigurationName = Release;
		};
		4C293F9F1E47148900D330ED /* Build configuration list for PBXNativeTarget "HealthKit Starter" */ = {
			isa = XCConfigurationList;
			buildConfigurations = (
				4C293FA01E47148900D330ED /* Debug */,
				4C293FA11E47148900D330ED /* Release */,
			);
			defaultConfigurationIsVisible = 0;
		};
/* End XCConfigurationList section */
	};
	rootObject = 4C293F851E47148900D330ED /* Project object */;
}
